// !$*UTF8*$!
{
	archiveVersion = 1;
	classes = {
	};
	objectVersion = 50;
	objects = {

/* Begin PBXBuildFile section */
		76BB20A02283C4EF00EFBFA7 /* AppDelegate.swift in Sources */ = {isa = PBXBuildFile; fileRef = 76BB209F2283C4EF00EFBFA7 /* AppDelegate.swift */; };
		76BB20A22283C4EF00EFBFA7 /* CalculatorViewController.swift in Sources */ = {isa = PBXBuildFile; fileRef = 76BB20A12283C4EF00EFBFA7 /* CalculatorViewController.swift */; };
		76BB20A52283C4EF00EFBFA7 /* Main.storyboard in Resources */ = {isa = PBXBuildFile; fileRef = 76BB20A32283C4EF00EFBFA7 /* Main.storyboard */; };
		76BB20A72283C4F000EFBFA7 /* Assets.xcassets in Resources */ = {isa = PBXBuildFile; fileRef = 76BB20A62283C4F000EFBFA7 /* Assets.xcassets */; };
		76BB20AA2283C4F000EFBFA7 /* LaunchScreen.storyboard in Resources */ = {isa = PBXBuildFile; fileRef = 76BB20A82283C4F000EFBFA7 /* LaunchScreen.storyboard */; };
		76BB20CF2283CAF600EFBFA7 /* FibonacciCalculator.swift in Sources */ = {isa = PBXBuildFile; fileRef = 76BB20CE2283CAF600EFBFA7 /* FibonacciCalculator.swift */; };
		76BB20D22283CED200EFBFA7 /* SummaryViewController.swift in Sources */ = {isa = PBXBuildFile; fileRef = 76BB20D12283CED200EFBFA7 /* SummaryViewController.swift */; };
		76BB20D42283D0E100EFBFA7 /* FibonacciCache.swift in Sources */ = {isa = PBXBuildFile; fileRef = 76BB20D32283D0E100EFBFA7 /* FibonacciCache.swift */; };
		76BB20D62283D12500EFBFA7 /* FibonacciTimeResult.swift in Sources */ = {isa = PBXBuildFile; fileRef = 76BB20D52283D12500EFBFA7 /* FibonacciTimeResult.swift */; };
		76BB20D82283D16800EFBFA7 /* FibonacciResultHistory.swift in Sources */ = {isa = PBXBuildFile; fileRef = 76BB20D72283D16800EFBFA7 /* FibonacciResultHistory.swift */; };
		76BB20DB2283D81A00EFBFA7 /* TimeUtilities.swift in Sources */ = {isa = PBXBuildFile; fileRef = 76BB20DA2283D81A00EFBFA7 /* TimeUtilities.swift */; };
/* End PBXBuildFile section */

/* Begin PBXFileReference section */
		76BB209C2283C4EF00EFBFA7 /* FIbTest.app */ = {isa = PBXFileReference; explicitFileType = wrapper.application; includeInIndex = 0; path = FIbTest.app; sourceTree = BUILT_PRODUCTS_DIR; };
		76BB209F2283C4EF00EFBFA7 /* AppDelegate.swift */ = {isa = PBXFileReference; lastKnownFileType = sourcecode.swift; path = AppDelegate.swift; sourceTree = "<group>"; };
		76BB20A12283C4EF00EFBFA7 /* CalculatorViewController.swift */ = {isa = PBXFileReference; lastKnownFileType = sourcecode.swift; path = CalculatorViewController.swift; sourceTree = "<group>"; };
		76BB20A42283C4EF00EFBFA7 /* Base */ = {isa = PBXFileReference; lastKnownFileType = file.storyboard; name = Base; path = Base.lproj/Main.storyboard; sourceTree = "<group>"; };
		76BB20A62283C4F000EFBFA7 /* Assets.xcassets */ = {isa = PBXFileReference; lastKnownFileType = folder.assetcatalog; path = Assets.xcassets; sourceTree = "<group>"; };
		76BB20A92283C4F000EFBFA7 /* Base */ = {isa = PBXFileReference; lastKnownFileType = file.storyboard; name = Base; path = Base.lproj/LaunchScreen.storyboard; sourceTree = "<group>"; };
		76BB20AB2283C4F000EFBFA7 /* Info.plist */ = {isa = PBXFileReference; lastKnownFileType = text.plist.xml; path = Info.plist; sourceTree = "<group>"; };
		76BB20CE2283CAF600EFBFA7 /* FibonacciCalculator.swift */ = {isa = PBXFileReference; lastKnownFileType = sourcecode.swift; path = FibonacciCalculator.swift; sourceTree = "<group>"; };
		76BB20D12283CED200EFBFA7 /* SummaryViewController.swift */ = {isa = PBXFileReference; lastKnownFileType = sourcecode.swift; path = SummaryViewController.swift; sourceTree = "<group>"; };
		76BB20D32283D0E100EFBFA7 /* FibonacciCache.swift */ = {isa = PBXFileReference; lastKnownFileType = sourcecode.swift; path = FibonacciCache.swift; sourceTree = "<group>"; };
		76BB20D52283D12500EFBFA7 /* FibonacciTimeResult.swift */ = {isa = PBXFileReference; lastKnownFileType = sourcecode.swift; path = FibonacciTimeResult.swift; sourceTree = "<group>"; };
		76BB20D72283D16800EFBFA7 /* FibonacciResultHistory.swift */ = {isa = PBXFileReference; lastKnownFileType = sourcecode.swift; path = FibonacciResultHistory.swift; sourceTree = "<group>"; };
		76BB20DA2283D81A00EFBFA7 /* TimeUtilities.swift */ = {isa = PBXFileReference; lastKnownFileType = sourcecode.swift; path = TimeUtilities.swift; sourceTree = "<group>"; };
/* End PBXFileReference section */

/* Begin PBXFrameworksBuildPhase section */
		76BB20992283C4EF00EFBFA7 /* Frameworks */ = {
			isa = PBXFrameworksBuildPhase;
			buildActionMask = 2147483647;
			files = (
			);
			runOnlyForDeploymentPostprocessing = 0;
		};
/* End PBXFrameworksBuildPhase section */

/* Begin PBXGroup section */
		76BB20932283C4EF00EFBFA7 = {
			isa = PBXGroup;
			children = (
				76BB209E2283C4EF00EFBFA7 /* FibTest */,
				76BB209D2283C4EF00EFBFA7 /* Products */,
			);
			sourceTree = "<group>";
		};
		76BB209D2283C4EF00EFBFA7 /* Products */ = {
			isa = PBXGroup;
			children = (
				76BB209C2283C4EF00EFBFA7 /* FIbTest.app */,
			);
			name = Products;
			sourceTree = "<group>";
		};
		76BB209E2283C4EF00EFBFA7 /* FibTest */ = {
			isa = PBXGroup;
			children = (
				76BB20D02283CEB300EFBFA7 /* ViewControllers */,
				76BB20CD2283CAB900EFBFA7 /* Model */,
				76BB209F2283C4EF00EFBFA7 /* AppDelegate.swift */,
				76BB20A32283C4EF00EFBFA7 /* Main.storyboard */,
				76BB20A62283C4F000EFBFA7 /* Assets.xcassets */,
				76BB20A82283C4F000EFBFA7 /* LaunchScreen.storyboard */,
				76BB20AB2283C4F000EFBFA7 /* Info.plist */,
			);
			path = FibTest;
			sourceTree = "<group>";
		};
		76BB20CD2283CAB900EFBFA7 /* Model */ = {
			isa = PBXGroup;
			children = (
				76BB20DC2283D81F00EFBFA7 /* Utilities */,
				76BB20D92283D80200EFBFA7 /* Fibonacci */,
			);
			path = Model;
			sourceTree = "<group>";
		};
		76BB20D02283CEB300EFBFA7 /* ViewControllers */ = {
			isa = PBXGroup;
			children = (
				76BB20A12283C4EF00EFBFA7 /* CalculatorViewController.swift */,
				76BB20D12283CED200EFBFA7 /* SummaryViewController.swift */,
			);
			path = ViewControllers;
			sourceTree = "<group>";
		};
		76BB20D92283D80200EFBFA7 /* Fibonacci */ = {
			isa = PBXGroup;
			children = (
				76BB20CE2283CAF600EFBFA7 /* FibonacciCalculator.swift */,
				76BB20D32283D0E100EFBFA7 /* FibonacciCache.swift */,
				76BB20D52283D12500EFBFA7 /* FibonacciTimeResult.swift */,
				76BB20D72283D16800EFBFA7 /* FibonacciResultHistory.swift */,
			);
			path = Fibonacci;
			sourceTree = "<group>";
		};
		76BB20DC2283D81F00EFBFA7 /* Utilities */ = {
			isa = PBXGroup;
			children = (
				76BB20DA2283D81A00EFBFA7 /* TimeUtilities.swift */,
			);
			path = Utilities;
			sourceTree = "<group>";
		};
/* End PBXGroup section */

/* Begin PBXNativeTarget section */
		76BB209B2283C4EF00EFBFA7 /* FIbTest */ = {
			isa = PBXNativeTarget;
			buildConfigurationList = 76BB20C42283C4F000EFBFA7 /* Build configuration list for PBXNativeTarget "FIbTest" */;
			buildPhases = (
				76BB20982283C4EF00EFBFA7 /* Sources */,
				76BB20992283C4EF00EFBFA7 /* Frameworks */,
				76BB209A2283C4EF00EFBFA7 /* Resources */,
			);
			buildRules = (
			);
			dependencies = (
			);
			name = FIbTest;
			productName = FIbTest;
			productReference = 76BB209C2283C4EF00EFBFA7 /* FIbTest.app */;
			productType = "com.apple.product-type.application";
		};
/* End PBXNativeTarget section */

/* Begin PBXProject section */
		76BB20942283C4EF00EFBFA7 /* Project object */ = {
			isa = PBXProject;
			attributes = {
				LastSwiftUpdateCheck = 1000;
				LastUpgradeCheck = 1000;
				ORGANIZATIONNAME = "Alex Chiu";
				TargetAttributes = {
					76BB209B2283C4EF00EFBFA7 = {
						CreatedOnToolsVersion = 10.0;
					};
				};
			};
			buildConfigurationList = 76BB20972283C4EF00EFBFA7 /* Build configuration list for PBXProject "FibTest" */;
			compatibilityVersion = "Xcode 9.3";
			developmentRegion = en;
			hasScannedForEncodings = 0;
			knownRegions = (
				en,
				Base,
			);
			mainGroup = 76BB20932283C4EF00EFBFA7;
			productRefGroup = 76BB209D2283C4EF00EFBFA7 /* Products */;
			projectDirPath = "";
			projectRoot = "";
			targets = (
				76BB209B2283C4EF00EFBFA7 /* FIbTest */,
			);
		};
/* End PBXProject section */

/* Begin PBXResourcesBuildPhase section */
		76BB209A2283C4EF00EFBFA7 /* Resources */ = {
			isa = PBXResourcesBuildPhase;
			buildActionMask = 2147483647;
			files = (
				76BB20AA2283C4F000EFBFA7 /* LaunchScreen.storyboard in Resources */,
				76BB20A72283C4F000EFBFA7 /* Assets.xcassets in Resources */,
				76BB20A52283C4EF00EFBFA7 /* Main.storyboard in Resources */,
			);
			runOnlyForDeploymentPostprocessing = 0;
		};
/* End PBXResourcesBuildPhase section */

/* Begin PBXSourcesBuildPhase section */
		76BB20982283C4EF00EFBFA7 /* Sources */ = {
			isa = PBXSourcesBuildPhase;
			buildActionMask = 2147483647;
			files = (
				76BB20D62283D12500EFBFA7 /* FibonacciTimeResult.swift in Sources */,
				76BB20DB2283D81A00EFBFA7 /* TimeUtilities.swift in Sources */,
				76BB20A22283C4EF00EFBFA7 /* CalculatorViewController.swift in Sources */,
				76BB20CF2283CAF600EFBFA7 /* FibonacciCalculator.swift in Sources */,
				76BB20D82283D16800EFBFA7 /* FibonacciResultHistory.swift in Sources */,
				76BB20A02283C4EF00EFBFA7 /* AppDelegate.swift in Sources */,
				76BB20D42283D0E100EFBFA7 /* FibonacciCache.swift in Sources */,
				76BB20D22283CED200EFBFA7 /* SummaryViewController.swift in Sources */,
			);
			runOnlyForDeploymentPostprocessing = 0;
		};
/* End PBXSourcesBuildPhase section */

/* Begin PBXVariantGroup section */
		76BB20A32283C4EF00EFBFA7 /* Main.storyboard */ = {
			isa = PBXVariantGroup;
			children = (
				76BB20A42283C4EF00EFBFA7 /* Base */,
			);
			name = Main.storyboard;
			sourceTree = "<group>";
		};
		76BB20A82283C4F000EFBFA7 /* LaunchScreen.storyboard */ = {
			isa = PBXVariantGroup;
			children = (
				76BB20A92283C4F000EFBFA7 /* Base */,
			);
			name = LaunchScreen.storyboard;
			sourceTree = "<group>";
		};
/* End PBXVariantGroup section */

/* Begin XCBuildConfiguration section */
		76BB20C22283C4F000EFBFA7 /* Debug */ = {
			isa = XCBuildConfiguration;
			buildSettings = {
				ALWAYS_SEARCH_USER_PATHS = NO;
				CLANG_ANALYZER_NONNULL = YES;
				CLANG_ANALYZER_NUMBER_OBJECT_CONVERSION = YES_AGGRESSIVE;
				CLANG_CXX_LANGUAGE_STANDARD = "gnu++14";
				CLANG_CXX_LIBRARY = "libc++";
				CLANG_ENABLE_MODULES = YES;
				CLANG_ENABLE_OBJC_ARC = YES;
				CLANG_ENABLE_OBJC_WEAK = YES;
				CLANG_WARN_BLOCK_CAPTURE_AUTORELEASING = YES;
				CLANG_WARN_BOOL_CONVERSION = YES;
				CLANG_WARN_COMMA = YES;
				CLANG_WARN_CONSTANT_CONVERSION = YES;
				CLANG_WARN_DEPRECATED_OBJC_IMPLEMENTATIONS = YES;
				CLANG_WARN_DIRECT_OBJC_ISA_USAGE = YES_ERROR;
				CLANG_WARN_DOCUMENTATION_COMMENTS = YES;
				CLANG_WARN_EMPTY_BODY = YES;
				CLANG_WARN_ENUM_CONVERSION = YES;
				CLANG_WARN_INFINITE_RECURSION = YES;
				CLANG_WARN_INT_CONVERSION = YES;
				CLANG_WARN_NON_LITERAL_NULL_CONVERSION = YES;
				CLANG_WARN_OBJC_IMPLICIT_RETAIN_SELF = YES;
				CLANG_WARN_OBJC_LITERAL_CONVERSION = YES;
				CLANG_WARN_OBJC_ROOT_CLASS = YES_ERROR;
				CLANG_WARN_RANGE_LOOP_ANALYSIS = YES;
				CLANG_WARN_STRICT_PROTOTYPES = YES;
				CLANG_WARN_SUSPICIOUS_MOVE = YES;
				CLANG_WARN_UNGUARDED_AVAILABILITY = YES_AGGRESSIVE;
				CLANG_WARN_UNREACHABLE_CODE = YES;
				CLANG_WARN__DUPLICATE_METHOD_MATCH = YES;
				CODE_SIGN_IDENTITY = "iPhone Developer";
				COPY_PHASE_STRIP = NO;
				DEBUG_INFORMATION_FORMAT = dwarf;
				ENABLE_STRICT_OBJC_MSGSEND = YES;
				ENABLE_TESTABILITY = YES;
				GCC_C_LANGUAGE_STANDARD = gnu11;
				GCC_DYNAMIC_NO_PIC = NO;
				GCC_NO_COMMON_BLOCKS = YES;
				GCC_OPTIMIZATION_LEVEL = 0;
				GCC_PREPROCESSOR_DEFINITIONS = (
					"DEBUG=1",
					"$(inherited)",
				);
				GCC_WARN_64_TO_32_BIT_CONVERSION = YES;
				GCC_WARN_ABOUT_RETURN_TYPE = YES_ERROR;
				GCC_WARN_UNDECLARED_SELECTOR = YES;
				GCC_WARN_UNINITIALIZED_AUTOS = YES_AGGRESSIVE;
				GCC_WARN_UNUSED_FUNCTION = YES;
				GCC_WARN_UNUSED_VARIABLE = YES;
				IPHONEOS_DEPLOYMENT_TARGET = 12.0;
				MTL_ENABLE_DEBUG_INFO = INCLUDE_SOURCE;
				MTL_FAST_MATH = YES;
				ONLY_ACTIVE_ARCH = YES;
				SDKROOT = iphoneos;
				SWIFT_ACTIVE_COMPILATION_CONDITIONS = DEBUG;
				SWIFT_OPTIMIZATION_LEVEL = "-Onone";
			};
			name = Debug;
		};
		76BB20C32283C4F000EFBFA7 /* Release */ = {
			isa = XCBuildConfiguration;
			buildSettings = {
				ALWAYS_SEARCH_USER_PATHS = NO;
				CLANG_ANALYZER_NONNULL = YES;
				CLANG_ANALYZER_NUMBER_OBJECT_CONVERSION = YES_AGGRESSIVE;
				CLANG_CXX_LANGUAGE_STANDARD = "gnu++14";
				CLANG_CXX_LIBRARY = "libc++";
				CLANG_ENABLE_MODULES = YES;
				CLANG_ENABLE_OBJC_ARC = YES;
				CLANG_ENABLE_OBJC_WEAK = YES;
				CLANG_WARN_BLOCK_CAPTURE_AUTORELEASING = YES;
				CLANG_WARN_BOOL_CONVERSION = YES;
				CLANG_WARN_COMMA = YES;
				CLANG_WARN_CONSTANT_CONVERSION = YES;
				CLANG_WARN_DEPRECATED_OBJC_IMPLEMENTATIONS = YES;
				CLANG_WARN_DIRECT_OBJC_ISA_USAGE = YES_ERROR;
				CLANG_WARN_DOCUMENTATION_COMMENTS = YES;
				CLANG_WARN_EMPTY_BODY = YES;
				CLANG_WARN_ENUM_CONVERSION = YES;
				CLANG_WARN_INFINITE_RECURSION = YES;
				CLANG_WARN_INT_CONVERSION = YES;
				CLANG_WARN_NON_LITERAL_NULL_CONVERSION = YES;
				CLANG_WARN_OBJC_IMPLICIT_RETAIN_SELF = YES;
				CLANG_WARN_OBJC_LITERAL_CONVERSION = YES;
				CLANG_WARN_OBJC_ROOT_CLASS = YES_ERROR;
				CLANG_WARN_RANGE_LOOP_ANALYSIS = YES;
				CLANG_WARN_STRICT_PROTOTYPES = YES;
				CLANG_WARN_SUSPICIOUS_MOVE = YES;
				CLANG_WARN_UNGUARDED_AVAILABILITY = YES_AGGRESSIVE;
				CLANG_WARN_UNREACHABLE_CODE = YES;
				CLANG_WARN__DUPLICATE_METHOD_MATCH = YES;
				CODE_SIGN_IDENTITY = "iPhone Developer";
				COPY_PHASE_STRIP = NO;
				DEBUG_INFORMATION_FORMAT = "dwarf-with-dsym";
				ENABLE_NS_ASSERTIONS = NO;
				ENABLE_STRICT_OBJC_MSGSEND = YES;
				GCC_C_LANGUAGE_STANDARD = gnu11;
				GCC_NO_COMMON_BLOCKS = YES;
				GCC_WARN_64_TO_32_BIT_CONVERSION = YES;
				GCC_WARN_ABOUT_RETURN_TYPE = YES_ERROR;
				GCC_WARN_UNDECLARED_SELECTOR = YES;
				GCC_WARN_UNINITIALIZED_AUTOS = YES_AGGRESSIVE;
				GCC_WARN_UNUSED_FUNCTION = YES;
				GCC_WARN_UNUSED_VARIABLE = YES;
				IPHONEOS_DEPLOYMENT_TARGET = 12.0;
				MTL_ENABLE_DEBUG_INFO = NO;
				MTL_FAST_MATH = YES;
				SDKROOT = iphoneos;
				SWIFT_COMPILATION_MODE = wholemodule;
				SWIFT_OPTIMIZATION_LEVEL = "-O";
				VALIDATE_PRODUCT = YES;
			};
			name = Release;
		};
		76BB20C52283C4F000EFBFA7 /* Debug */ = {
			isa = XCBuildConfiguration;
			buildSettings = {
				ASSETCATALOG_COMPILER_APPICON_NAME = AppIcon;
				CODE_SIGN_STYLE = Automatic;
				INFOPLIST_FILE = FIbTest/Info.plist;
				LD_RUNPATH_SEARCH_PATHS = (
					"$(inherited)",
					"@executable_path/Frameworks",
				);
				PRODUCT_BUNDLE_IDENTIFIER = com.alex.FIbTest;
				PRODUCT_NAME = "$(TARGET_NAME)";
				SWIFT_VERSION = 4.2;
				TARGETED_DEVICE_FAMILY = "1,2";
			};
			name = Debug;
		};
		76BB20C62283C4F000EFBFA7 /* Release */ = {
			isa = XCBuildConfiguration;
			buildSettings = {
				ASSETCATALOG_COMPILER_APPICON_NAME = AppIcon;
				CODE_SIGN_STYLE = Automatic;
				INFOPLIST_FILE = FIbTest/Info.plist;
				LD_RUNPATH_SEARCH_PATHS = (
					"$(inherited)",
					"@executable_path/Frameworks",
				);
				PRODUCT_BUNDLE_IDENTIFIER = com.alex.FIbTest;
				PRODUCT_NAME = "$(TARGET_NAME)";
				SWIFT_VERSION = 4.2;
				TARGETED_DEVICE_FAMILY = "1,2";
			};
			name = Release;
		};
/* End XCBuildConfiguration section */

/* Begin XCConfigurationList section */
		76BB20972283C4EF00EFBFA7 /* Build configuration list for PBXProject "FibTest" */ = {
			isa = XCConfigurationList;
			buildConfigurations = (
				76BB20C22283C4F000EFBFA7 /* Debug */,
				76BB20C32283C4F000EFBFA7 /* Release */,
			);
			defaultConfigurationIsVisible = 0;
			defaultConfigurationName = Release;
		};
		76BB20C42283C4F000EFBFA7 /* Build configuration list for PBXNativeTarget "FIbTest" */ = {
			isa = XCConfigurationList;
			buildConfigurations = (
				76BB20C52283C4F000EFBFA7 /* Debug */,
				76BB20C62283C4F000EFBFA7 /* Release */,
			);
			defaultConfigurationIsVisible = 0;
			defaultConfigurationName = Release;
		};
/* End XCConfigurationList section */
	};
	rootObject = 76BB20942283C4EF00EFBFA7 /* Project object */;
}
